
Microsoft Visual Studio Solution File, Format Version 12.00
# Visual Studio Version 16
VisualStudioVersion = 16.0.32126.315
MinimumVisualStudioVersion = 10.0.40219.1
Project("{FAE04EC0-301F-11D3-BF4B-00C04F79EFBC}") = "netwise", "netwise\netwise.csproj", "{D850ABDA-F5F2-4095-A6E3-0161B2E461FD}"
EndProject
Global
	GlobalSection(SolutionConfigurationPlatforms) = preSolution
		Debug|Any CPU = Debug|Any CPU
		Release|Any CPU = Release|Any CPU
	EndGlobalSection
	GlobalSection(ProjectConfigurationPlatforms) = postSolution
		{D850ABDA-F5F2-4095-A6E3-0161B2E461FD}.Debug|Any CPU.ActiveCfg = Debug|Any CPU
		{D850ABDA-F5F2-4095-A6E3-0161B2E461FD}.Debug|Any CPU.Build.0 = Debug|Any CPU
		{D850ABDA-F5F2-4095-A6E3-0161B2E461FD}.Release|Any CPU.ActiveCfg = Release|Any CPU
		{D850ABDA-F5F2-4095-A6E3-0161B2E461FD}.Release|Any CPU.Build.0 = Release|Any CPU
	EndGlobalSection
	GlobalSection(SolutionProperties) = preSolution
		HideSolutionNode = FALSE
	EndGlobalSection
	GlobalSection(ExtensibilityGlobals) = postSolution
		SolutionGuid = {2D9337C5-C666-4701-938A-1ADFA73376DA}
	EndGlobalSection
EndGlobal
